
Microsoft Visual Studio Solution File, Format Version 12.00
# Visual Studio 15
VisualStudioVersion = 15.0.27703.2042
MinimumVisualStudioVersion = 10.0.40219.1
Project("{FAE04EC0-301F-11D3-BF4B-00C04F79EFBC}") = "UltimatePlanetaryDatabase", "UltimatePlanetaryDatabase\UltimatePlanetaryDatabase.csproj", "{DBBAF114-6E8B-4B9F-A943-3E9EC660A30F}"
EndProject
Global
	GlobalSection(SolutionConfigurationPlatforms) = preSolution
		Debug|Any CPU = Debug|Any CPU
		Release|Any CPU = Release|Any CPU
	EndGlobalSection
	GlobalSection(ProjectConfigurationPlatforms) = postSolution
		{DBBAF114-6E8B-4B9F-A943-3E9EC660A30F}.Debug|Any CPU.ActiveCfg = Debug|Any CPU
		{DBBAF114-6E8B-4B9F-A943-3E9EC660A30F}.Debug|Any CPU.Build.0 = Debug|Any CPU
		{DBBAF114-6E8B-4B9F-A943-3E9EC660A30F}.Release|Any CPU.ActiveCfg = Release|Any CPU
		{DBBAF114-6E8B-4B9F-A943-3E9EC660A30F}.Release|Any CPU.Build.0 = Release|Any CPU
	EndGlobalSection
	GlobalSection(SolutionProperties) = preSolution
		HideSolutionNode = FALSE
	EndGlobalSection
	GlobalSection(ExtensibilityGlobals) = postSolution
		SolutionGuid = {571AEB19-E615-44A2-8E89-F50E21960C96}
	EndGlobalSection
EndGlobal
